
Microsoft Visual Studio Solution File, Format Version 12.00
# Visual Studio Version 17
VisualStudioVersion = 17.8.34316.72
MinimumVisualStudioVersion = 10.0.40219.1
Project("{2150E333-8FDC-42A3-9474-1A3956D46DE8}") = "Source", "Source", "{6349E237-1B09-4BB6-A1D0-4CC6991D92C5}"
EndProject
Project("{2150E333-8FDC-42A3-9474-1A3956D46DE8}") = "Backend", "Backend", "{D462D629-91E7-45B6-8C8E-85927EE7D235}"
EndProject
Project("{2150E333-8FDC-42A3-9474-1A3956D46DE8}") = "Platforms", "Platforms", "{49BFC879-7723-4D21-81CF-015D2B352219}"
EndProject
Project("{2150E333-8FDC-42A3-9474-1A3956D46DE8}") = "Tests", "Tests", "{BF23AFBD-521F-4521-B5E1-0089716D52C8}"
EndProject
Project("{9A19103F-16F7-4668-BE54-9A1E7A4F7556}") = "CommandMaker.DataContracts", "CommandMaker\CommandMaker.DataContracts\CommandMaker.DataContracts.csproj", "{977C30D0-DF7B-4CE4-BBF0-5911B774ECE5}"
EndProject
Project("{9A19103F-16F7-4668-BE54-9A1E7A4F7556}") = "CommandMaker", "CommandMaker\CommandMaker\CommandMaker.csproj", "{3B1BA3AD-F18F-4C29-A819-102BCA38A463}"
EndProject
Project("{9A19103F-16F7-4668-BE54-9A1E7A4F7556}") = "CommandMaker.Tests", "CommandMaker\CommandMaker.Tests\CommandMaker.Tests.csproj", "{6B274E6C-0B8B-46E1-93CB-1C45523A19C8}"
EndProject
Project("{9A19103F-16F7-4668-BE54-9A1E7A4F7556}") = "CommandMaker.UITests", "CommandMaker\CommandMaker.UITests\CommandMaker.UITests.csproj", "{6FA705E4-28B7-405B-8F11-9DD9088EDAC2}"
EndProject
Project("{9A19103F-16F7-4668-BE54-9A1E7A4F7556}") = "CommandMaker.Shared", "CommandMaker\CommandMaker.Shared\CommandMaker.Shared.csproj", "{A2281A9E-412E-4A5A-BD8E-D166B0E18050}"
EndProject
Project("{9A19103F-16F7-4668-BE54-9A1E7A4F7556}") = "CommandMaker.Mobile", "CommandMaker\CommandMaker.Mobile\CommandMaker.Mobile.csproj", "{0E6E68D6-C7A8-42E2-A68A-7B4A25484287}"
EndProject
Project("{9A19103F-16F7-4668-BE54-9A1E7A4F7556}") = "CommandMaker.Windows", "CommandMaker\CommandMaker.Windows\CommandMaker.Windows.csproj", "{98467F76-9E7C-4A2E-A75B-3511B5D2AF7A}"
EndProject
Project("{9A19103F-16F7-4668-BE54-9A1E7A4F7556}") = "CommandMaker.Wasm", "CommandMaker\CommandMaker.Wasm\CommandMaker.Wasm.csproj", "{4E67ABF3-BFA5-4CA2-A053-2B311D9E87D2}"
EndProject
Project("{9A19103F-16F7-4668-BE54-9A1E7A4F7556}") = "CommandMaker.Skia.Wpf", "CommandMaker\CommandMaker.Skia.WPF\CommandMaker.Skia.Wpf.csproj", "{DBA9F690-8E0C-44BB-8622-8553A752146B}"
EndProject
Project("{9A19103F-16F7-4668-BE54-9A1E7A4F7556}") = "CommandMaker.Server", "CommandMaker\CommandMaker.Server\CommandMaker.Server.csproj", "{6ECBD8DF-1E90-416E-A466-491F3213FBFD}"
EndProject
Project("{2150E333-8FDC-42A3-9474-1A3956D46DE8}") = "Solution Items", "Solution Items", "{588ED954-ACBA-4853-AD1E-C0554735693F}"
	ProjectSection(SolutionItems) = preProject
		CommandMaker\.gitignore = CommandMaker\.gitignore
		CommandMaker\Directory.Build.props = CommandMaker\Directory.Build.props
		CommandMaker\Directory.Build.targets = CommandMaker\Directory.Build.targets
		CommandMaker\Directory.Packages.props = CommandMaker\Directory.Packages.props
		CommandMaker\solution-config.props.sample = CommandMaker\solution-config.props.sample
	EndProjectSection
EndProject
Global
	GlobalSection(SolutionConfigurationPlatforms) = preSolution
		Debug|Any CPU = Debug|Any CPU
		Debug|arm64 = Debug|arm64
		Debug|x64 = Debug|x64
		Debug|x86 = Debug|x86
		Release|Any CPU = Release|Any CPU
		Release|arm64 = Release|arm64
		Release|x64 = Release|x64
		Release|x86 = Release|x86
	EndGlobalSection
	GlobalSection(ProjectConfigurationPlatforms) = postSolution
		{977C30D0-DF7B-4CE4-BBF0-5911B774ECE5}.Debug|Any CPU.ActiveCfg = Debug|Any CPU
		{977C30D0-DF7B-4CE4-BBF0-5911B774ECE5}.Debug|Any CPU.Build.0 = Debug|Any CPU
		{977C30D0-DF7B-4CE4-BBF0-5911B774ECE5}.Debug|arm64.ActiveCfg = Debug|Any CPU
		{977C30D0-DF7B-4CE4-BBF0-5911B774ECE5}.Debug|arm64.Build.0 = Debug|Any CPU
		{977C30D0-DF7B-4CE4-BBF0-5911B774ECE5}.Debug|x64.ActiveCfg = Debug|Any CPU
		{977C30D0-DF7B-4CE4-BBF0-5911B774ECE5}.Debug|x64.Build.0 = Debug|Any CPU
		{977C30D0-DF7B-4CE4-BBF0-5911B774ECE5}.Debug|x86.ActiveCfg = Debug|Any CPU
		{977C30D0-DF7B-4CE4-BBF0-5911B774ECE5}.Debug|x86.Build.0 = Debug|Any CPU
		{977C30D0-DF7B-4CE4-BBF0-5911B774ECE5}.Release|Any CPU.ActiveCfg = Release|Any CPU
		{977C30D0-DF7B-4CE4-BBF0-5911B774ECE5}.Release|Any CPU.Build.0 = Release|Any CPU
		{977C30D0-DF7B-4CE4-BBF0-5911B774ECE5}.Release|arm64.ActiveCfg = Release|Any CPU
		{977C30D0-DF7B-4CE4-BBF0-5911B774ECE5}.Release|arm64.Build.0 = Release|Any CPU
		{977C30D0-DF7B-4CE4-BBF0-5911B774ECE5}.Release|x64.ActiveCfg = Release|Any CPU
		{977C30D0-DF7B-4CE4-BBF0-5911B774ECE5}.Release|x64.Build.0 = Release|Any CPU
		{977C30D0-DF7B-4CE4-BBF0-5911B774ECE5}.Release|x86.ActiveCfg = Release|Any CPU
		{977C30D0-DF7B-4CE4-BBF0-5911B774ECE5}.Release|x86.Build.0 = Release|Any CPU
		{3B1BA3AD-F18F-4C29-A819-102BCA38A463}.Debug|Any CPU.ActiveCfg = Debug|Any CPU
		{3B1BA3AD-F18F-4C29-A819-102BCA38A463}.Debug|Any CPU.Build.0 = Debug|Any CPU
		{3B1BA3AD-F18F-4C29-A819-102BCA38A463}.Debug|arm64.ActiveCfg = Debug|Any CPU
		{3B1BA3AD-F18F-4C29-A819-102BCA38A463}.Debug|arm64.Build.0 = Debug|Any CPU
		{3B1BA3AD-F18F-4C29-A819-102BCA38A463}.Debug|x64.ActiveCfg = Debug|Any CPU
		{3B1BA3AD-F18F-4C29-A819-102BCA38A463}.Debug|x64.Build.0 = Debug|Any CPU
		{3B1BA3AD-F18F-4C29-A819-102BCA38A463}.Debug|x86.ActiveCfg = Debug|Any CPU
		{3B1BA3AD-F18F-4C29-A819-102BCA38A463}.Debug|x86.Build.0 = Debug|Any CPU
		{3B1BA3AD-F18F-4C29-A819-102BCA38A463}.Release|Any CPU.ActiveCfg = Release|Any CPU
		{3B1BA3AD-F18F-4C29-A819-102BCA38A463}.Release|Any CPU.Build.0 = Release|Any CPU
		{3B1BA3AD-F18F-4C29-A819-102BCA38A463}.Release|arm64.ActiveCfg = Release|Any CPU
		{3B1BA3AD-F18F-4C29-A819-102BCA38A463}.Release|arm64.Build.0 = Release|Any CPU
		{3B1BA3AD-F18F-4C29-A819-102BCA38A463}.Release|x64.ActiveCfg = Release|Any CPU
		{3B1BA3AD-F18F-4C29-A819-102BCA38A463}.Release|x64.Build.0 = Release|Any CPU
		{3B1BA3AD-F18F-4C29-A819-102BCA38A463}.Release|x86.ActiveCfg = Release|Any CPU
		{3B1BA3AD-F18F-4C29-A819-102BCA38A463}.Release|x86.Build.0 = Release|Any CPU
		{6B274E6C-0B8B-46E1-93CB-1C45523A19C8}.Debug|Any CPU.ActiveCfg = Debug|Any CPU
		{6B274E6C-0B8B-46E1-93CB-1C45523A19C8}.Debug|Any CPU.Build.0 = Debug|Any CPU
		{6B274E6C-0B8B-46E1-93CB-1C45523A19C8}.Debug|arm64.ActiveCfg = Debug|Any CPU
		{6B274E6C-0B8B-46E1-93CB-1C45523A19C8}.Debug|arm64.Build.0 = Debug|Any CPU
		{6B274E6C-0B8B-46E1-93CB-1C45523A19C8}.Debug|x64.ActiveCfg = Debug|Any CPU
		{6B274E6C-0B8B-46E1-93CB-1C45523A19C8}.Debug|x64.Build.0 = Debug|Any CPU
		{6B274E6C-0B8B-46E1-93CB-1C45523A19C8}.Debug|x86.ActiveCfg = Debug|Any CPU
		{6B274E6C-0B8B-46E1-93CB-1C45523A19C8}.Debug|x86.Build.0 = Debug|Any CPU
		{6B274E6C-0B8B-46E1-93CB-1C45523A19C8}.Release|Any CPU.ActiveCfg = Release|Any CPU
		{6B274E6C-0B8B-46E1-93CB-1C45523A19C8}.Release|Any CPU.Build.0 = Release|Any CPU
		{6B274E6C-0B8B-46E1-93CB-1C45523A19C8}.Release|arm64.ActiveCfg = Release|Any CPU
		{6B274E6C-0B8B-46E1-93CB-1C45523A19C8}.Release|arm64.Build.0 = Release|Any CPU
		{6B274E6C-0B8B-46E1-93CB-1C45523A19C8}.Release|x64.ActiveCfg = Release|Any CPU
		{6B274E6C-0B8B-46E1-93CB-1C45523A19C8}.Release|x64.Build.0 = Release|Any CPU
		{6B274E6C-0B8B-46E1-93CB-1C45523A19C8}.Release|x86.ActiveCfg = Release|Any CPU
		{6B274E6C-0B8B-46E1-93CB-1C45523A19C8}.Release|x86.Build.0 = Release|Any CPU
		{6FA705E4-28B7-405B-8F11-9DD9088EDAC2}.Debug|Any CPU.ActiveCfg = Debug|Any CPU
		{6FA705E4-28B7-405B-8F11-9DD9088EDAC2}.Debug|Any CPU.Build.0 = Debug|Any CPU
		{6FA705E4-28B7-405B-8F11-9DD9088EDAC2}.Debug|arm64.ActiveCfg = Debug|Any CPU
		{6FA705E4-28B7-405B-8F11-9DD9088EDAC2}.Debug|arm64.Build.0 = Debug|Any CPU
		{6FA705E4-28B7-405B-8F11-9DD9088EDAC2}.Debug|x64.ActiveCfg = Debug|Any CPU
		{6FA705E4-28B7-405B-8F11-9DD9088EDAC2}.Debug|x64.Build.0 = Debug|Any CPU
		{6FA705E4-28B7-405B-8F11-9DD9088EDAC2}.Debug|x86.ActiveCfg = Debug|Any CPU
		{6FA705E4-28B7-405B-8F11-9DD9088EDAC2}.Debug|x86.Build.0 = Debug|Any CPU
		{6FA705E4-28B7-405B-8F11-9DD9088EDAC2}.Release|Any CPU.ActiveCfg = Release|Any CPU
		{6FA705E4-28B7-405B-8F11-9DD9088EDAC2}.Release|Any CPU.Build.0 = Release|Any CPU
		{6FA705E4-28B7-405B-8F11-9DD9088EDAC2}.Release|arm64.ActiveCfg = Release|Any CPU
		{6FA705E4-28B7-405B-8F11-9DD9088EDAC2}.Release|arm64.Build.0 = Release|Any CPU
		{6FA705E4-28B7-405B-8F11-9DD9088EDAC2}.Release|x64.ActiveCfg = Release|Any CPU
		{6FA705E4-28B7-405B-8F11-9DD9088EDAC2}.Release|x64.Build.0 = Release|Any CPU
		{6FA705E4-28B7-405B-8F11-9DD9088EDAC2}.Release|x86.ActiveCfg = Release|Any CPU
		{6FA705E4-28B7-405B-8F11-9DD9088EDAC2}.Release|x86.Build.0 = Release|Any CPU
		{A2281A9E-412E-4A5A-BD8E-D166B0E18050}.Debug|Any CPU.ActiveCfg = Debug|Any CPU
		{A2281A9E-412E-4A5A-BD8E-D166B0E18050}.Debug|Any CPU.Build.0 = Debug|Any CPU
		{A2281A9E-412E-4A5A-BD8E-D166B0E18050}.Debug|arm64.ActiveCfg = Debug|Any CPU
		{A2281A9E-412E-4A5A-BD8E-D166B0E18050}.Debug|arm64.Build.0 = Debug|Any CPU
		{A2281A9E-412E-4A5A-BD8E-D166B0E18050}.Debug|x64.ActiveCfg = Debug|Any CPU
		{A2281A9E-412E-4A5A-BD8E-D166B0E18050}.Debug|x64.Build.0 = Debug|Any CPU
		{A2281A9E-412E-4A5A-BD8E-D166B0E18050}.Debug|x86.ActiveCfg = Debug|Any CPU
		{A2281A9E-412E-4A5A-BD8E-D166B0E18050}.Debug|x86.Build.0 = Debug|Any CPU
		{A2281A9E-412E-4A5A-BD8E-D166B0E18050}.Release|Any CPU.ActiveCfg = Release|Any CPU
		{A2281A9E-412E-4A5A-BD8E-D166B0E18050}.Release|Any CPU.Build.0 = Release|Any CPU
		{A2281A9E-412E-4A5A-BD8E-D166B0E18050}.Release|arm64.ActiveCfg = Release|Any CPU
		{A2281A9E-412E-4A5A-BD8E-D166B0E18050}.Release|arm64.Build.0 = Release|Any CPU
		{A2281A9E-412E-4A5A-BD8E-D166B0E18050}.Release|x64.ActiveCfg = Release|Any CPU
		{A2281A9E-412E-4A5A-BD8E-D166B0E18050}.Release|x64.Build.0 = Release|Any CPU
		{A2281A9E-412E-4A5A-BD8E-D166B0E18050}.Release|x86.ActiveCfg = Release|Any CPU
		{A2281A9E-412E-4A5A-BD8E-D166B0E18050}.Release|x86.Build.0 = Release|Any CPU
		{0E6E68D6-C7A8-42E2-A68A-7B4A25484287}.Debug|Any CPU.ActiveCfg = Debug|Any CPU
		{0E6E68D6-C7A8-42E2-A68A-7B4A25484287}.Debug|Any CPU.Build.0 = Debug|Any CPU
		{0E6E68D6-C7A8-42E2-A68A-7B4A25484287}.Debug|Any CPU.Deploy.0 = Debug|Any CPU
		{0E6E68D6-C7A8-42E2-A68A-7B4A25484287}.Debug|arm64.ActiveCfg = Debug|Any CPU
		{0E6E68D6-C7A8-42E2-A68A-7B4A25484287}.Debug|arm64.Build.0 = Debug|Any CPU
		{0E6E68D6-C7A8-42E2-A68A-7B4A25484287}.Debug|arm64.Deploy.0 = Debug|Any CPU
		{0E6E68D6-C7A8-42E2-A68A-7B4A25484287}.Debug|x64.ActiveCfg = Debug|Any CPU
		{0E6E68D6-C7A8-42E2-A68A-7B4A25484287}.Debug|x64.Build.0 = Debug|Any CPU
		{0E6E68D6-C7A8-42E2-A68A-7B4A25484287}.Debug|x64.Deploy.0 = Debug|Any CPU
		{0E6E68D6-C7A8-42E2-A68A-7B4A25484287}.Debug|x86.ActiveCfg = Debug|Any CPU
		{0E6E68D6-C7A8-42E2-A68A-7B4A25484287}.Debug|x86.Build.0 = Debug|Any CPU
		{0E6E68D6-C7A8-42E2-A68A-7B4A25484287}.Debug|x86.Deploy.0 = Debug|Any CPU
		{0E6E68D6-C7A8-42E2-A68A-7B4A25484287}.Release|Any CPU.ActiveCfg = Release|Any CPU
		{0E6E68D6-C7A8-42E2-A68A-7B4A25484287}.Release|Any CPU.Build.0 = Release|Any CPU
		{0E6E68D6-C7A8-42E2-A68A-7B4A25484287}.Release|Any CPU.Deploy.0 = Release|Any CPU
		{0E6E68D6-C7A8-42E2-A68A-7B4A25484287}.Release|arm64.ActiveCfg = Release|Any CPU
		{0E6E68D6-C7A8-42E2-A68A-7B4A25484287}.Release|arm64.Build.0 = Release|Any CPU
		{0E6E68D6-C7A8-42E2-A68A-7B4A25484287}.Release|arm64.Deploy.0 = Release|Any CPU
		{0E6E68D6-C7A8-42E2-A68A-7B4A25484287}.Release|x64.ActiveCfg = Release|Any CPU
		{0E6E68D6-C7A8-42E2-A68A-7B4A25484287}.Release|x64.Build.0 = Release|Any CPU
		{0E6E68D6-C7A8-42E2-A68A-7B4A25484287}.Release|x64.Deploy.0 = Release|Any CPU
		{0E6E68D6-C7A8-42E2-A68A-7B4A25484287}.Release|x86.ActiveCfg = Release|Any CPU
		{0E6E68D6-C7A8-42E2-A68A-7B4A25484287}.Release|x86.Build.0 = Release|Any CPU
		{0E6E68D6-C7A8-42E2-A68A-7B4A25484287}.Release|x86.Deploy.0 = Release|Any CPU
		{98467F76-9E7C-4A2E-A75B-3511B5D2AF7A}.Debug|Any CPU.ActiveCfg = Debug|x64
		{98467F76-9E7C-4A2E-A75B-3511B5D2AF7A}.Debug|Any CPU.Build.0 = Debug|x64
		{98467F76-9E7C-4A2E-A75B-3511B5D2AF7A}.Debug|Any CPU.Deploy.0 = Debug|x64
		{98467F76-9E7C-4A2E-A75B-3511B5D2AF7A}.Debug|arm64.ActiveCfg = Debug|arm64
		{98467F76-9E7C-4A2E-A75B-3511B5D2AF7A}.Debug|arm64.Build.0 = Debug|arm64
		{98467F76-9E7C-4A2E-A75B-3511B5D2AF7A}.Debug|arm64.Deploy.0 = Debug|arm64
		{98467F76-9E7C-4A2E-A75B-3511B5D2AF7A}.Debug|x64.ActiveCfg = Debug|x64
		{98467F76-9E7C-4A2E-A75B-3511B5D2AF7A}.Debug|x64.Build.0 = Debug|x64
		{98467F76-9E7C-4A2E-A75B-3511B5D2AF7A}.Debug|x64.Deploy.0 = Debug|x64
		{98467F76-9E7C-4A2E-A75B-3511B5D2AF7A}.Debug|x86.ActiveCfg = Debug|x86
		{98467F76-9E7C-4A2E-A75B-3511B5D2AF7A}.Debug|x86.Build.0 = Debug|x86
		{98467F76-9E7C-4A2E-A75B-3511B5D2AF7A}.Debug|x86.Deploy.0 = Debug|x86
		{98467F76-9E7C-4A2E-A75B-3511B5D2AF7A}.Release|Any CPU.ActiveCfg = Release|x64
		{98467F76-9E7C-4A2E-A75B-3511B5D2AF7A}.Release|Any CPU.Build.0 = Release|x64
		{98467F76-9E7C-4A2E-A75B-3511B5D2AF7A}.Release|Any CPU.Deploy.0 = Release|x64
		{98467F76-9E7C-4A2E-A75B-3511B5D2AF7A}.Release|arm64.ActiveCfg = Release|arm64
		{98467F76-9E7C-4A2E-A75B-3511B5D2AF7A}.Release|arm64.Build.0 = Release|arm64
		{98467F76-9E7C-4A2E-A75B-3511B5D2AF7A}.Release|arm64.Deploy.0 = Release|arm64
		{98467F76-9E7C-4A2E-A75B-3511B5D2AF7A}.Release|x64.ActiveCfg = Release|x64
		{98467F76-9E7C-4A2E-A75B-3511B5D2AF7A}.Release|x64.Build.0 = Release|x64
		{98467F76-9E7C-4A2E-A75B-3511B5D2AF7A}.Release|x64.Deploy.0 = Release|x64
		{98467F76-9E7C-4A2E-A75B-3511B5D2AF7A}.Release|x86.ActiveCfg = Release|x86
		{98467F76-9E7C-4A2E-A75B-3511B5D2AF7A}.Release|x86.Build.0 = Release|x86
		{98467F76-9E7C-4A2E-A75B-3511B5D2AF7A}.Release|x86.Deploy.0 = Release|x86
		{4E67ABF3-BFA5-4CA2-A053-2B311D9E87D2}.Debug|Any CPU.ActiveCfg = Debug|Any CPU
		{4E67ABF3-BFA5-4CA2-A053-2B311D9E87D2}.Debug|Any CPU.Build.0 = Debug|Any CPU
		{4E67ABF3-BFA5-4CA2-A053-2B311D9E87D2}.Debug|arm64.ActiveCfg = Debug|Any CPU
		{4E67ABF3-BFA5-4CA2-A053-2B311D9E87D2}.Debug|arm64.Build.0 = Debug|Any CPU
		{4E67ABF3-BFA5-4CA2-A053-2B311D9E87D2}.Debug|x64.ActiveCfg = Debug|Any CPU
		{4E67ABF3-BFA5-4CA2-A053-2B311D9E87D2}.Debug|x64.Build.0 = Debug|Any CPU
		{4E67ABF3-BFA5-4CA2-A053-2B311D9E87D2}.Debug|x86.ActiveCfg = Debug|Any CPU
		{4E67ABF3-BFA5-4CA2-A053-2B311D9E87D2}.Debug|x86.Build.0 = Debug|Any CPU
		{4E67ABF3-BFA5-4CA2-A053-2B311D9E87D2}.Release|Any CPU.ActiveCfg = Release|Any CPU
		{4E67ABF3-BFA5-4CA2-A053-2B311D9E87D2}.Release|Any CPU.Build.0 = Release|Any CPU
		{4E67ABF3-BFA5-4CA2-A053-2B311D9E87D2}.Release|arm64.ActiveCfg = Release|Any CPU
		{4E67ABF3-BFA5-4CA2-A053-2B311D9E87D2}.Release|arm64.Build.0 = Release|Any CPU
		{4E67ABF3-BFA5-4CA2-A053-2B311D9E87D2}.Release|x64.ActiveCfg = Release|Any CPU
		{4E67ABF3-BFA5-4CA2-A053-2B311D9E87D2}.Release|x64.Build.0 = Release|Any CPU
		{4E67ABF3-BFA5-4CA2-A053-2B311D9E87D2}.Release|x86.ActiveCfg = Release|Any CPU
		{4E67ABF3-BFA5-4CA2-A053-2B311D9E87D2}.Release|x86.Build.0 = Release|Any CPU
		{DBA9F690-8E0C-44BB-8622-8553A752146B}.Debug|Any CPU.ActiveCfg = Debug|Any CPU
		{DBA9F690-8E0C-44BB-8622-8553A752146B}.Debug|Any CPU.Build.0 = Debug|Any CPU
		{DBA9F690-8E0C-44BB-8622-8553A752146B}.Debug|arm64.ActiveCfg = Debug|Any CPU
		{DBA9F690-8E0C-44BB-8622-8553A752146B}.Debug|arm64.Build.0 = Debug|Any CPU
		{DBA9F690-8E0C-44BB-8622-8553A752146B}.Debug|x64.ActiveCfg = Debug|Any CPU
		{DBA9F690-8E0C-44BB-8622-8553A752146B}.Debug|x64.Build.0 = Debug|Any CPU
		{DBA9F690-8E0C-44BB-8622-8553A752146B}.Debug|x86.ActiveCfg = Debug|Any CPU
		{DBA9F690-8E0C-44BB-8622-8553A752146B}.Debug|x86.Build.0 = Debug|Any CPU
		{DBA9F690-8E0C-44BB-8622-8553A752146B}.Release|Any CPU.ActiveCfg = Release|Any CPU
		{DBA9F690-8E0C-44BB-8622-8553A752146B}.Release|Any CPU.Build.0 = Release|Any CPU
		{DBA9F690-8E0C-44BB-8622-8553A752146B}.Release|arm64.ActiveCfg = Release|Any CPU
		{DBA9F690-8E0C-44BB-8622-8553A752146B}.Release|arm64.Build.0 = Release|Any CPU
		{DBA9F690-8E0C-44BB-8622-8553A752146B}.Release|x64.ActiveCfg = Release|Any CPU
		{DBA9F690-8E0C-44BB-8622-8553A752146B}.Release|x64.Build.0 = Release|Any CPU
		{DBA9F690-8E0C-44BB-8622-8553A752146B}.Release|x86.ActiveCfg = Release|Any CPU
		{DBA9F690-8E0C-44BB-8622-8553A752146B}.Release|x86.Build.0 = Release|Any CPU
		{6ECBD8DF-1E90-416E-A466-491F3213FBFD}.Debug|Any CPU.ActiveCfg = Debug|Any CPU
		{6ECBD8DF-1E90-416E-A466-491F3213FBFD}.Debug|Any CPU.Build.0 = Debug|Any CPU
		{6ECBD8DF-1E90-416E-A466-491F3213FBFD}.Debug|arm64.ActiveCfg = Debug|Any CPU
		{6ECBD8DF-1E90-416E-A466-491F3213FBFD}.Debug|arm64.Build.0 = Debug|Any CPU
		{6ECBD8DF-1E90-416E-A466-491F3213FBFD}.Debug|x64.ActiveCfg = Debug|Any CPU
		{6ECBD8DF-1E90-416E-A466-491F3213FBFD}.Debug|x64.Build.0 = Debug|Any CPU
		{6ECBD8DF-1E90-416E-A466-491F3213FBFD}.Debug|x86.ActiveCfg = Debug|Any CPU
		{6ECBD8DF-1E90-416E-A466-491F3213FBFD}.Debug|x86.Build.0 = Debug|Any CPU
		{6ECBD8DF-1E90-416E-A466-491F3213FBFD}.Release|Any CPU.ActiveCfg = Release|Any CPU
		{6ECBD8DF-1E90-416E-A466-491F3213FBFD}.Release|Any CPU.Build.0 = Release|Any CPU
		{6ECBD8DF-1E90-416E-A466-491F3213FBFD}.Release|arm64.ActiveCfg = Release|Any CPU
		{6ECBD8DF-1E90-416E-A466-491F3213FBFD}.Release|arm64.Build.0 = Release|Any CPU
		{6ECBD8DF-1E90-416E-A466-491F3213FBFD}.Release|x64.ActiveCfg = Release|Any CPU
		{6ECBD8DF-1E90-416E-A466-491F3213FBFD}.Release|x64.Build.0 = Release|Any CPU
		{6ECBD8DF-1E90-416E-A466-491F3213FBFD}.Release|x86.ActiveCfg = Release|Any CPU
		{6ECBD8DF-1E90-416E-A466-491F3213FBFD}.Release|x86.Build.0 = Release|Any CPU
	EndGlobalSection
	GlobalSection(SolutionProperties) = preSolution
		HideSolutionNode = FALSE
	EndGlobalSection
	GlobalSection(NestedProjects) = preSolution
		{D462D629-91E7-45B6-8C8E-85927EE7D235} = {6349E237-1B09-4BB6-A1D0-4CC6991D92C5}
		{49BFC879-7723-4D21-81CF-015D2B352219} = {6349E237-1B09-4BB6-A1D0-4CC6991D92C5}
		{977C30D0-DF7B-4CE4-BBF0-5911B774ECE5} = {6349E237-1B09-4BB6-A1D0-4CC6991D92C5}
		{3B1BA3AD-F18F-4C29-A819-102BCA38A463} = {6349E237-1B09-4BB6-A1D0-4CC6991D92C5}
		{6B274E6C-0B8B-46E1-93CB-1C45523A19C8} = {BF23AFBD-521F-4521-B5E1-0089716D52C8}
		{6FA705E4-28B7-405B-8F11-9DD9088EDAC2} = {BF23AFBD-521F-4521-B5E1-0089716D52C8}
		{A2281A9E-412E-4A5A-BD8E-D166B0E18050} = {49BFC879-7723-4D21-81CF-015D2B352219}
		{0E6E68D6-C7A8-42E2-A68A-7B4A25484287} = {49BFC879-7723-4D21-81CF-015D2B352219}
		{98467F76-9E7C-4A2E-A75B-3511B5D2AF7A} = {49BFC879-7723-4D21-81CF-015D2B352219}
		{4E67ABF3-BFA5-4CA2-A053-2B311D9E87D2} = {49BFC879-7723-4D21-81CF-015D2B352219}
		{DBA9F690-8E0C-44BB-8622-8553A752146B} = {49BFC879-7723-4D21-81CF-015D2B352219}
		{6ECBD8DF-1E90-416E-A466-491F3213FBFD} = {D462D629-91E7-45B6-8C8E-85927EE7D235}
	EndGlobalSection
	GlobalSection(ExtensibilityGlobals) = postSolution
		SolutionGuid = {0EFA6969-56EE-4B5A-975F-80CF01A7B2D3}
	EndGlobalSection
EndGlobal
